// !$*UTF8*$!
{
	archiveVersion = 1;
	classes = {
	};
	objectVersion = 48;
	objects = {

/* Begin PBXBuildFile section */
		12240D002376AC14004CEA22 /* RuinStutterFramework_iOS.framework in Frameworks */ = {isa = PBXBuildFile; fileRef = 12240CFF2376AC14004CEA22 /* RuinStutterFramework_iOS.framework */; };
		12240D042376B92E004CEA22 /* AudioPlayerPlaybackStatusAction.swift in Sources */ = {isa = PBXBuildFile; fileRef = 12240D032376B92E004CEA22 /* AudioPlayerPlaybackStatusAction.swift */; };
		12240D0623774F5E004CEA22 /* XyControlAction.swift in Sources */ = {isa = PBXBuildFile; fileRef = 12240D0523774F5E004CEA22 /* XyControlAction.swift */; };
		1243453A2263B8FC00B64561 /* Redux.swift in Sources */ = {isa = PBXBuildFile; fileRef = 12DE25FD225E87AC00A4D390 /* Redux.swift */; };
		1279DCAC2263AD7100723BFB /* RuinCore.framework in Frameworks */ = {isa = PBXBuildFile; fileRef = 916A5F3520D6A29400B30E8B /* RuinCore.framework */; };
		1279DCAD2263AD7100723BFB /* RuinCore.framework in Embed Frameworks */ = {isa = PBXBuildFile; fileRef = 916A5F3520D6A29400B30E8B /* RuinCore.framework */; settings = {ATTRIBUTES = (CodeSignOnCopy, RemoveHeadersOnCopy, ); }; };
		9100DEF8236B6DEA005A3622 /* Store.swift in Sources */ = {isa = PBXBuildFile; fileRef = 9100DEF7236B6DEA005A3622 /* Store.swift */; };
		9100DEFB236B6E57005A3622 /* TogglePlaybackAction.swift in Sources */ = {isa = PBXBuildFile; fileRef = 9100DEFA236B6E57005A3622 /* TogglePlaybackAction.swift */; };
		9100DEFD236B6E88005A3622 /* State.swift in Sources */ = {isa = PBXBuildFile; fileRef = 9100DEFC236B6E88005A3622 /* State.swift */; };
		9100DF00236B6EF6005A3622 /* TransportReducer.swift in Sources */ = {isa = PBXBuildFile; fileRef = 9100DEFF236B6EF6005A3622 /* TransportReducer.swift */; };
		9100DF02236B7586005A3622 /* Reducer.swift in Sources */ = {isa = PBXBuildFile; fileRef = 9100DF01236B7586005A3622 /* Reducer.swift */; };
		910743522374A267005B2936 /* RuinStutterFramework_iOS.framework in Frameworks */ = {isa = PBXBuildFile; fileRef = 910743512374A267005B2936 /* RuinStutterFramework_iOS.framework */; };
		910743532374A267005B2936 /* RuinStutterFramework_iOS.framework in Embed Frameworks */ = {isa = PBXBuildFile; fileRef = 910743512374A267005B2936 /* RuinStutterFramework_iOS.framework */; settings = {ATTRIBUTES = (CodeSignOnCopy, RemoveHeadersOnCopy, ); }; };
		910743552374A953005B2936 /* AudioUnitComponentLibrary.swift in Sources */ = {isa = PBXBuildFile; fileRef = 910743542374A953005B2936 /* AudioUnitComponentLibrary.swift */; };
		910743592374B4F8005B2936 /* Air - New Star In The Sky.mp3 in Resources */ = {isa = PBXBuildFile; fileRef = 910743562374B4AF005B2936 /* Air - New Star In The Sky.mp3 */; };
		91470960225A78AE006B4632 /* AppDelegate.swift in Sources */ = {isa = PBXBuildFile; fileRef = 9147095F225A78AE006B4632 /* AppDelegate.swift */; };
		91470962225A78AE006B4632 /* ViewController.swift in Sources */ = {isa = PBXBuildFile; fileRef = 91470961225A78AE006B4632 /* ViewController.swift */; };
		91470965225A78AE006B4632 /* Main.storyboard in Resources */ = {isa = PBXBuildFile; fileRef = 91470963225A78AE006B4632 /* Main.storyboard */; };
		91470968225A78AE006B4632 /* Ruin.xcdatamodeld in Sources */ = {isa = PBXBuildFile; fileRef = 91470966225A78AE006B4632 /* Ruin.xcdatamodeld */; };
		9147096A225A78AF006B4632 /* Assets.xcassets in Resources */ = {isa = PBXBuildFile; fileRef = 91470969225A78AF006B4632 /* Assets.xcassets */; };
		9147096D225A78AF006B4632 /* LaunchScreen.storyboard in Resources */ = {isa = PBXBuildFile; fileRef = 9147096B225A78AF006B4632 /* LaunchScreen.storyboard */; };
		91470978225A78AF006B4632 /* RuinTests.swift in Sources */ = {isa = PBXBuildFile; fileRef = 91470977225A78AF006B4632 /* RuinTests.swift */; };
		916A5F3E20D6A29400B30E8B /* RuinCore.framework in Frameworks */ = {isa = PBXBuildFile; fileRef = 916A5F3520D6A29400B30E8B /* RuinCore.framework */; };
		916A5F4520D6A29400B30E8B /* RuinCoreTests.swift in Sources */ = {isa = PBXBuildFile; fileRef = 916A5F4420D6A29400B30E8B /* RuinCoreTests.swift */; };
		916A5F4720D6A29500B30E8B /* RuinCore.h in Headers */ = {isa = PBXBuildFile; fileRef = 916A5F3720D6A29400B30E8B /* RuinCore.h */; settings = {ATTRIBUTES = (Public, ); }; };
		91CCC8AB236D9ACC0040E59B /* XYControl.swift in Sources */ = {isa = PBXBuildFile; fileRef = 91CCC8AA236D9ACC0040E59B /* XYControl.swift */; };
		91CCC8AD2371FC8A0040E59B /* AudioEngine.swift in Sources */ = {isa = PBXBuildFile; fileRef = 91CCC8AC2371FC8A0040E59B /* AudioEngine.swift */; };
		91CCC8AF2371FD200040E59B /* AudioInterface.swift in Sources */ = {isa = PBXBuildFile; fileRef = 91CCC8AE2371FD200040E59B /* AudioInterface.swift */; };
		91CCC8B1237205080040E59B /* AudioPlayer.swift in Sources */ = {isa = PBXBuildFile; fileRef = 91CCC8B0237205080040E59B /* AudioPlayer.swift */; };
		91FF565022749DE1007C0A82 /* RUAudioEngine.swift in Sources */ = {isa = PBXBuildFile; fileRef = 91FF564F22749DE1007C0A82 /* RUAudioEngine.swift */; };
		91FF566C2275BEB5007C0A82 /* RUAudioUnitFactory.swift in Sources */ = {isa = PBXBuildFile; fileRef = 91FF566B2275BEB5007C0A82 /* RUAudioUnitFactory.swift */; };
/* End PBXBuildFile section */

/* Begin PBXContainerItemProxy section */
		1279DCAE2263AD7100723BFB /* PBXContainerItemProxy */ = {
			isa = PBXContainerItemProxy;
			containerPortal = 916832A320D58E25006E775F /* Project object */;
			proxyType = 1;
			remoteGlobalIDString = 916A5F3420D6A29400B30E8B;
			remoteInfo = RuinCore;
		};
		91470974225A78AF006B4632 /* PBXContainerItemProxy */ = {
			isa = PBXContainerItemProxy;
			containerPortal = 916832A320D58E25006E775F /* Project object */;
			proxyType = 1;
			remoteGlobalIDString = 9147095C225A78AE006B4632;
			remoteInfo = Ruin;
		};
		916A5F3F20D6A29400B30E8B /* PBXContainerItemProxy */ = {
			isa = PBXContainerItemProxy;
			containerPortal = 916832A320D58E25006E775F /* Project object */;
			proxyType = 1;
			remoteGlobalIDString = 916A5F3420D6A29400B30E8B;
			remoteInfo = RuinCore;
		};
/* End PBXContainerItemProxy section */

/* Begin PBXCopyFilesBuildPhase section */
		1279DCB02263AD7100723BFB /* Embed Frameworks */ = {
			isa = PBXCopyFilesBuildPhase;
			buildActionMask = 2147483647;
			dstPath = "";
			dstSubfolderSpec = 10;
			files = (
				1279DCAD2263AD7100723BFB /* RuinCore.framework in Embed Frameworks */,
				910743532374A267005B2936 /* RuinStutterFramework_iOS.framework in Embed Frameworks */,
			);
			name = "Embed Frameworks";
			runOnlyForDeploymentPostprocessing = 0;
		};
/* End PBXCopyFilesBuildPhase section */

/* Begin PBXFileReference section */
		12240CFF2376AC14004CEA22 /* RuinStutterFramework_iOS.framework */ = {isa = PBXFileReference; explicitFileType = wrapper.framework; path = RuinStutterFramework_iOS.framework; sourceTree = BUILT_PRODUCTS_DIR; };
		12240D032376B92E004CEA22 /* AudioPlayerPlaybackStatusAction.swift */ = {isa = PBXFileReference; lastKnownFileType = sourcecode.swift; path = AudioPlayerPlaybackStatusAction.swift; sourceTree = "<group>"; };
		12240D0523774F5E004CEA22 /* XyControlAction.swift */ = {isa = PBXFileReference; lastKnownFileType = sourcecode.swift; path = XyControlAction.swift; sourceTree = "<group>"; };
		12DE25FD225E87AC00A4D390 /* Redux.swift */ = {isa = PBXFileReference; lastKnownFileType = sourcecode.swift; path = Redux.swift; sourceTree = "<group>"; };
		9100DEF7236B6DEA005A3622 /* Store.swift */ = {isa = PBXFileReference; lastKnownFileType = sourcecode.swift; path = Store.swift; sourceTree = "<group>"; };
		9100DEFA236B6E57005A3622 /* TogglePlaybackAction.swift */ = {isa = PBXFileReference; lastKnownFileType = sourcecode.swift; path = TogglePlaybackAction.swift; sourceTree = "<group>"; };
		9100DEFC236B6E88005A3622 /* State.swift */ = {isa = PBXFileReference; lastKnownFileType = sourcecode.swift; path = State.swift; sourceTree = "<group>"; };
		9100DEFF236B6EF6005A3622 /* TransportReducer.swift */ = {isa = PBXFileReference; lastKnownFileType = sourcecode.swift; path = TransportReducer.swift; sourceTree = "<group>"; };
		9100DF01236B7586005A3622 /* Reducer.swift */ = {isa = PBXFileReference; lastKnownFileType = sourcecode.swift; path = Reducer.swift; sourceTree = "<group>"; };
		910743512374A267005B2936 /* RuinStutterFramework_iOS.framework */ = {isa = PBXFileReference; explicitFileType = wrapper.framework; path = RuinStutterFramework_iOS.framework; sourceTree = BUILT_PRODUCTS_DIR; };
		910743542374A953005B2936 /* AudioUnitComponentLibrary.swift */ = {isa = PBXFileReference; lastKnownFileType = sourcecode.swift; path = AudioUnitComponentLibrary.swift; sourceTree = "<group>"; };
		910743562374B4AF005B2936 /* Air - New Star In The Sky.mp3 */ = {isa = PBXFileReference; lastKnownFileType = audio.mp3; path = "Air - New Star In The Sky.mp3"; sourceTree = "<group>"; };
		9147095D225A78AE006B4632 /* Ruin.app */ = {isa = PBXFileReference; explicitFileType = wrapper.application; includeInIndex = 0; path = Ruin.app; sourceTree = BUILT_PRODUCTS_DIR; };
		9147095F225A78AE006B4632 /* AppDelegate.swift */ = {isa = PBXFileReference; lastKnownFileType = sourcecode.swift; path = AppDelegate.swift; sourceTree = "<group>"; };
		91470961225A78AE006B4632 /* ViewController.swift */ = {isa = PBXFileReference; lastKnownFileType = sourcecode.swift; path = ViewController.swift; sourceTree = "<group>"; };
		91470964225A78AE006B4632 /* Base */ = {isa = PBXFileReference; lastKnownFileType = file.storyboard; name = Base; path = Base.lproj/Main.storyboard; sourceTree = "<group>"; };
		91470967225A78AE006B4632 /* Ruin.xcdatamodel */ = {isa = PBXFileReference; lastKnownFileType = wrapper.xcdatamodel; path = Ruin.xcdatamodel; sourceTree = "<group>"; };
		91470969225A78AF006B4632 /* Assets.xcassets */ = {isa = PBXFileReference; lastKnownFileType = folder.assetcatalog; path = Assets.xcassets; sourceTree = "<group>"; };
		9147096C225A78AF006B4632 /* Base */ = {isa = PBXFileReference; lastKnownFileType = file.storyboard; name = Base; path = Base.lproj/LaunchScreen.storyboard; sourceTree = "<group>"; };
		9147096E225A78AF006B4632 /* Info.plist */ = {isa = PBXFileReference; lastKnownFileType = text.plist.xml; path = Info.plist; sourceTree = "<group>"; };
		91470973225A78AF006B4632 /* RuinTests.xctest */ = {isa = PBXFileReference; explicitFileType = wrapper.cfbundle; includeInIndex = 0; path = RuinTests.xctest; sourceTree = BUILT_PRODUCTS_DIR; };
		91470977225A78AF006B4632 /* RuinTests.swift */ = {isa = PBXFileReference; lastKnownFileType = sourcecode.swift; path = RuinTests.swift; sourceTree = "<group>"; };
		91470979225A78AF006B4632 /* Info.plist */ = {isa = PBXFileReference; lastKnownFileType = text.plist.xml; path = Info.plist; sourceTree = "<group>"; };
		916A5F3520D6A29400B30E8B /* RuinCore.framework */ = {isa = PBXFileReference; explicitFileType = wrapper.framework; includeInIndex = 0; path = RuinCore.framework; sourceTree = BUILT_PRODUCTS_DIR; };
		916A5F3720D6A29400B30E8B /* RuinCore.h */ = {isa = PBXFileReference; lastKnownFileType = sourcecode.c.h; path = RuinCore.h; sourceTree = "<group>"; };
		916A5F3820D6A29400B30E8B /* Info.plist */ = {isa = PBXFileReference; lastKnownFileType = text.plist.xml; path = Info.plist; sourceTree = "<group>"; };
		916A5F3D20D6A29400B30E8B /* RuinCoreTests.xctest */ = {isa = PBXFileReference; explicitFileType = wrapper.cfbundle; includeInIndex = 0; path = RuinCoreTests.xctest; sourceTree = BUILT_PRODUCTS_DIR; };
		916A5F4420D6A29400B30E8B /* RuinCoreTests.swift */ = {isa = PBXFileReference; lastKnownFileType = sourcecode.swift; path = RuinCoreTests.swift; sourceTree = "<group>"; };
		916A5F4620D6A29400B30E8B /* Info.plist */ = {isa = PBXFileReference; lastKnownFileType = text.plist.xml; path = Info.plist; sourceTree = "<group>"; };
		91CCC8AA236D9ACC0040E59B /* XYControl.swift */ = {isa = PBXFileReference; lastKnownFileType = sourcecode.swift; path = XYControl.swift; sourceTree = "<group>"; };
		91CCC8AC2371FC8A0040E59B /* AudioEngine.swift */ = {isa = PBXFileReference; lastKnownFileType = sourcecode.swift; path = AudioEngine.swift; sourceTree = "<group>"; };
		91CCC8AE2371FD200040E59B /* AudioInterface.swift */ = {isa = PBXFileReference; lastKnownFileType = sourcecode.swift; path = AudioInterface.swift; sourceTree = "<group>"; };
		91CCC8B0237205080040E59B /* AudioPlayer.swift */ = {isa = PBXFileReference; lastKnownFileType = sourcecode.swift; path = AudioPlayer.swift; sourceTree = "<group>"; };
		91FF564F22749DE1007C0A82 /* RUAudioEngine.swift */ = {isa = PBXFileReference; fileEncoding = 4; lastKnownFileType = sourcecode.swift; path = RUAudioEngine.swift; sourceTree = "<group>"; };
		91FF566B2275BEB5007C0A82 /* RUAudioUnitFactory.swift */ = {isa = PBXFileReference; lastKnownFileType = sourcecode.swift; path = RUAudioUnitFactory.swift; sourceTree = "<group>"; };
		91FF566E2275E750007C0A82 /* AVFoundation.framework */ = {isa = PBXFileReference; lastKnownFileType = wrapper.framework; name = AVFoundation.framework; path = System/Library/Frameworks/AVFoundation.framework; sourceTree = SDKROOT; };
/* End PBXFileReference section */

/* Begin PBXFrameworksBuildPhase section */
		9147095A225A78AE006B4632 /* Frameworks */ = {
			isa = PBXFrameworksBuildPhase;
			buildActionMask = 2147483647;
			files = (
				1279DCAC2263AD7100723BFB /* RuinCore.framework in Frameworks */,
				910743522374A267005B2936 /* RuinStutterFramework_iOS.framework in Frameworks */,
			);
			runOnlyForDeploymentPostprocessing = 0;
		};
		91470970225A78AF006B4632 /* Frameworks */ = {
			isa = PBXFrameworksBuildPhase;
			buildActionMask = 2147483647;
			files = (
			);
			runOnlyForDeploymentPostprocessing = 0;
		};
		916A5F3120D6A29400B30E8B /* Frameworks */ = {
			isa = PBXFrameworksBuildPhase;
			buildActionMask = 2147483647;
			files = (
				12240D002376AC14004CEA22 /* RuinStutterFramework_iOS.framework in Frameworks */,
			);
			runOnlyForDeploymentPostprocessing = 0;
		};
		916A5F3A20D6A29400B30E8B /* Frameworks */ = {
			isa = PBXFrameworksBuildPhase;
			buildActionMask = 2147483647;
			files = (
				916A5F3E20D6A29400B30E8B /* RuinCore.framework in Frameworks */,
			);
			runOnlyForDeploymentPostprocessing = 0;
		};
/* End PBXFrameworksBuildPhase section */

/* Begin PBXGroup section */
		124345372263AE6D00B64561 /* Audio */ = {
			isa = PBXGroup;
			children = (
				910743572374B4CB005B2936 /* Test Material */,
				91FF564F22749DE1007C0A82 /* RUAudioEngine.swift */,
				91FF566B2275BEB5007C0A82 /* RUAudioUnitFactory.swift */,
				91CCC8AC2371FC8A0040E59B /* AudioEngine.swift */,
				91CCC8AE2371FD200040E59B /* AudioInterface.swift */,
				91CCC8B0237205080040E59B /* AudioPlayer.swift */,
				910743542374A953005B2936 /* AudioUnitComponentLibrary.swift */,
			);
			path = Audio;
			sourceTree = "<group>";
		};
		12DE25F9225E864100A4D390 /* Modules */ = {
			isa = PBXGroup;
			children = (
				12DE25FA225E865400A4D390 /* Ruin */,
				12DE25FB225E865F00A4D390 /* Config */,
			);
			path = Modules;
			sourceTree = "<group>";
		};
		12DE25FA225E865400A4D390 /* Ruin */ = {
			isa = PBXGroup;
			children = (
				91470961225A78AE006B4632 /* ViewController.swift */,
				91CCC8AA236D9ACC0040E59B /* XYControl.swift */,
			);
			path = Ruin;
			sourceTree = "<group>";
		};
		12DE25FB225E865F00A4D390 /* Config */ = {
			isa = PBXGroup;
			children = (
			);
			path = Config;
			sourceTree = "<group>";
		};
		12DE25FC225E86BB00A4D390 /* Redux */ = {
			isa = PBXGroup;
			children = (
				12DE25FD225E87AC00A4D390 /* Redux.swift */,
				9100DEF7236B6DEA005A3622 /* Store.swift */,
				9100DEFC236B6E88005A3622 /* State.swift */,
				9100DF01236B7586005A3622 /* Reducer.swift */,
				9100DEF9236B6E47005A3622 /* Actions */,
				9100DEFE236B6EAB005A3622 /* Reducers */,
			);
			path = Redux;
			sourceTree = "<group>";
		};
		9100DEF9236B6E47005A3622 /* Actions */ = {
			isa = PBXGroup;
			children = (
				9100DEFA236B6E57005A3622 /* TogglePlaybackAction.swift */,
				12240D0523774F5E004CEA22 /* XyControlAction.swift */,
				12240D032376B92E004CEA22 /* AudioPlayerPlaybackStatusAction.swift */,
			);
			path = Actions;
			sourceTree = "<group>";
		};
		9100DEFE236B6EAB005A3622 /* Reducers */ = {
			isa = PBXGroup;
			children = (
				9100DEFF236B6EF6005A3622 /* TransportReducer.swift */,
			);
			path = Reducers;
			sourceTree = "<group>";
		};
		910743572374B4CB005B2936 /* Test Material */ = {
			isa = PBXGroup;
			children = (
				910743562374B4AF005B2936 /* Air - New Star In The Sky.mp3 */,
			);
			path = "Test Material";
			sourceTree = "<group>";
		};
		9147095E225A78AE006B4632 /* Ruin */ = {
			isa = PBXGroup;
			children = (
				12DE25F9225E864100A4D390 /* Modules */,
				9147095F225A78AE006B4632 /* AppDelegate.swift */,
				91470963225A78AE006B4632 /* Main.storyboard */,
				91470969225A78AF006B4632 /* Assets.xcassets */,
				9147096B225A78AF006B4632 /* LaunchScreen.storyboard */,
				9147096E225A78AF006B4632 /* Info.plist */,
				91470966225A78AE006B4632 /* Ruin.xcdatamodeld */,
			);
			path = Ruin;
			sourceTree = "<group>";
		};
		91470976225A78AF006B4632 /* RuinTests */ = {
			isa = PBXGroup;
			children = (
				91470977225A78AF006B4632 /* RuinTests.swift */,
				91470979225A78AF006B4632 /* Info.plist */,
			);
			path = RuinTests;
			sourceTree = "<group>";
		};
		916832A220D58E25006E775F = {
			isa = PBXGroup;
			children = (
				916A5F3620D6A29400B30E8B /* RuinCore */,
				916A5F4320D6A29400B30E8B /* RuinCoreTests */,
				9147095E225A78AE006B4632 /* Ruin */,
				91470976225A78AF006B4632 /* RuinTests */,
				916832AC20D58E25006E775F /* Products */,
				916A5FA120D6A31200B30E8B /* Frameworks */,
			);
			sourceTree = "<group>";
		};
		916832AC20D58E25006E775F /* Products */ = {
			isa = PBXGroup;
			children = (
				916A5F3520D6A29400B30E8B /* RuinCore.framework */,
				916A5F3D20D6A29400B30E8B /* RuinCoreTests.xctest */,
				9147095D225A78AE006B4632 /* Ruin.app */,
				91470973225A78AF006B4632 /* RuinTests.xctest */,
			);
			name = Products;
			sourceTree = "<group>";
		};
		916A5F3620D6A29400B30E8B /* RuinCore */ = {
			isa = PBXGroup;
			children = (
				124345372263AE6D00B64561 /* Audio */,
				12DE25FC225E86BB00A4D390 /* Redux */,
				916A5F3720D6A29400B30E8B /* RuinCore.h */,
				916A5F3820D6A29400B30E8B /* Info.plist */,
			);
			path = RuinCore;
			sourceTree = "<group>";
		};
		916A5F4320D6A29400B30E8B /* RuinCoreTests */ = {
			isa = PBXGroup;
			children = (
				916A5F4420D6A29400B30E8B /* RuinCoreTests.swift */,
				916A5F4620D6A29400B30E8B /* Info.plist */,
			);
			path = RuinCoreTests;
			sourceTree = "<group>";
		};
		916A5FA120D6A31200B30E8B /* Frameworks */ = {
			isa = PBXGroup;
			children = (
				12240CFF2376AC14004CEA22 /* RuinStutterFramework_iOS.framework */,
				910743512374A267005B2936 /* RuinStutterFramework_iOS.framework */,
				91FF566E2275E750007C0A82 /* AVFoundation.framework */,
			);
			name = Frameworks;
			sourceTree = "<group>";
		};
/* End PBXGroup section */

/* Begin PBXHeadersBuildPhase section */
		916A5F3220D6A29400B30E8B /* Headers */ = {
			isa = PBXHeadersBuildPhase;
			buildActionMask = 2147483647;
			files = (
				916A5F4720D6A29500B30E8B /* RuinCore.h in Headers */,
			);
			runOnlyForDeploymentPostprocessing = 0;
		};
/* End PBXHeadersBuildPhase section */

/* Begin PBXNativeTarget section */
		9147095C225A78AE006B4632 /* Ruin */ = {
			isa = PBXNativeTarget;
			buildConfigurationList = 9147097A225A78AF006B4632 /* Build configuration list for PBXNativeTarget "Ruin" */;
			buildPhases = (
				91470959225A78AE006B4632 /* Sources */,
				9147095A225A78AE006B4632 /* Frameworks */,
				9147095B225A78AE006B4632 /* Resources */,
				1279DCB02263AD7100723BFB /* Embed Frameworks */,
			);
			buildRules = (
			);
			dependencies = (
				1279DCAF2263AD7100723BFB /* PBXTargetDependency */,
			);
			name = Ruin;
			productName = Ruin;
			productReference = 9147095D225A78AE006B4632 /* Ruin.app */;
			productType = "com.apple.product-type.application";
		};
		91470972225A78AF006B4632 /* RuinTests */ = {
			isa = PBXNativeTarget;
			buildConfigurationList = 9147097D225A78AF006B4632 /* Build configuration list for PBXNativeTarget "RuinTests" */;
			buildPhases = (
				9147096F225A78AF006B4632 /* Sources */,
				91470970225A78AF006B4632 /* Frameworks */,
				91470971225A78AF006B4632 /* Resources */,
			);
			buildRules = (
			);
			dependencies = (
				91470975225A78AF006B4632 /* PBXTargetDependency */,
			);
			name = RuinTests;
			productName = RuinTests;
			productReference = 91470973225A78AF006B4632 /* RuinTests.xctest */;
			productType = "com.apple.product-type.bundle.unit-test";
		};
		916A5F3420D6A29400B30E8B /* RuinCore */ = {
			isa = PBXNativeTarget;
			buildConfigurationList = 916A5F5020D6A29500B30E8B /* Build configuration list for PBXNativeTarget "RuinCore" */;
			buildPhases = (
				916A5F3020D6A29400B30E8B /* Sources */,
				916A5F3120D6A29400B30E8B /* Frameworks */,
				916A5F3220D6A29400B30E8B /* Headers */,
				916A5F3320D6A29400B30E8B /* Resources */,
			);
			buildRules = (
			);
			dependencies = (
			);
			name = RuinCore;
			productName = RuinCore;
			productReference = 916A5F3520D6A29400B30E8B /* RuinCore.framework */;
			productType = "com.apple.product-type.framework";
		};
		916A5F3C20D6A29400B30E8B /* RuinCoreTests */ = {
			isa = PBXNativeTarget;
			buildConfigurationList = 916A5F5220D6A29500B30E8B /* Build configuration list for PBXNativeTarget "RuinCoreTests" */;
			buildPhases = (
				916A5F3920D6A29400B30E8B /* Sources */,
				916A5F3A20D6A29400B30E8B /* Frameworks */,
				916A5F3B20D6A29400B30E8B /* Resources */,
			);
			buildRules = (
			);
			dependencies = (
				916A5F4020D6A29400B30E8B /* PBXTargetDependency */,
			);
			name = RuinCoreTests;
			productName = RuinCoreTests;
			productReference = 916A5F3D20D6A29400B30E8B /* RuinCoreTests.xctest */;
			productType = "com.apple.product-type.bundle.unit-test";
		};
/* End PBXNativeTarget section */

/* Begin PBXProject section */
		916832A320D58E25006E775F /* Project object */ = {
			isa = PBXProject;
			attributes = {
				LastSwiftUpdateCheck = 1020;
				LastUpgradeCheck = 1020;
				ORGANIZATIONNAME = "Hyper Barn LTD";
				TargetAttributes = {
					9147095C225A78AE006B4632 = {
						CreatedOnToolsVersion = 10.1;
						LastSwiftMigration = 1020;
						ProvisioningStyle = Automatic;
					};
					91470972225A78AF006B4632 = {
						CreatedOnToolsVersion = 10.1;
						LastSwiftMigration = 1020;
						ProvisioningStyle = Automatic;
						TestTargetID = 9147095C225A78AE006B4632;
					};
					916A5F3420D6A29400B30E8B = {
						CreatedOnToolsVersion = 9.4.1;
						LastSwiftMigration = 1020;
						ProvisioningStyle = Automatic;
					};
					916A5F3C20D6A29400B30E8B = {
						CreatedOnToolsVersion = 9.4.1;
						LastSwiftMigration = 1020;
						ProvisioningStyle = Automatic;
						TestTargetID = 916832AA20D58E25006E775F;
					};
				};
			};
			buildConfigurationList = 916832A620D58E25006E775F /* Build configuration list for PBXProject "Ruin" */;
			compatibilityVersion = "Xcode 8.0";
			developmentRegion = en;
			hasScannedForEncodings = 0;
			knownRegions = (
				en,
				Base,
			);
			mainGroup = 916832A220D58E25006E775F;
			productRefGroup = 916832AC20D58E25006E775F /* Products */;
			projectDirPath = "";
			projectRoot = "";
			targets = (
				916A5F3420D6A29400B30E8B /* RuinCore */,
				916A5F3C20D6A29400B30E8B /* RuinCoreTests */,
				9147095C225A78AE006B4632 /* Ruin */,
				91470972225A78AF006B4632 /* RuinTests */,
			);
		};
/* End PBXProject section */

/* Begin PBXResourcesBuildPhase section */
		9147095B225A78AE006B4632 /* Resources */ = {
			isa = PBXResourcesBuildPhase;
			buildActionMask = 2147483647;
			files = (
				9147096D225A78AF006B4632 /* LaunchScreen.storyboard in Resources */,
				9147096A225A78AF006B4632 /* Assets.xcassets in Resources */,
				91470965225A78AE006B4632 /* Main.storyboard in Resources */,
				910743592374B4F8005B2936 /* Air - New Star In The Sky.mp3 in Resources */,
			);
			runOnlyForDeploymentPostprocessing = 0;
		};
		91470971225A78AF006B4632 /* Resources */ = {
			isa = PBXResourcesBuildPhase;
			buildActionMask = 2147483647;
			files = (
			);
			runOnlyForDeploymentPostprocessing = 0;
		};
		916A5F3320D6A29400B30E8B /* Resources */ = {
			isa = PBXResourcesBuildPhase;
			buildActionMask = 2147483647;
			files = (
			);
			runOnlyForDeploymentPostprocessing = 0;
		};
		916A5F3B20D6A29400B30E8B /* Resources */ = {
			isa = PBXResourcesBuildPhase;
			buildActionMask = 2147483647;
			files = (
			);
			runOnlyForDeploymentPostprocessing = 0;
		};
/* End PBXResourcesBuildPhase section */

/* Begin PBXSourcesBuildPhase section */
		91470959225A78AE006B4632 /* Sources */ = {
			isa = PBXSourcesBuildPhase;
			buildActionMask = 2147483647;
			files = (
				91CCC8AB236D9ACC0040E59B /* XYControl.swift in Sources */,
				91470968225A78AE006B4632 /* Ruin.xcdatamodeld in Sources */,
				91470962225A78AE006B4632 /* ViewController.swift in Sources */,
				91470960225A78AE006B4632 /* AppDelegate.swift in Sources */,
			);
			runOnlyForDeploymentPostprocessing = 0;
		};
		9147096F225A78AF006B4632 /* Sources */ = {
			isa = PBXSourcesBuildPhase;
			buildActionMask = 2147483647;
			files = (
				91470978225A78AF006B4632 /* RuinTests.swift in Sources */,
			);
			runOnlyForDeploymentPostprocessing = 0;
		};
		916A5F3020D6A29400B30E8B /* Sources */ = {
			isa = PBXSourcesBuildPhase;
			buildActionMask = 2147483647;
			files = (
				91CCC8AF2371FD200040E59B /* AudioInterface.swift in Sources */,
				91CCC8AD2371FC8A0040E59B /* AudioEngine.swift in Sources */,
				91CCC8B1237205080040E59B /* AudioPlayer.swift in Sources */,
				91FF566C2275BEB5007C0A82 /* RUAudioUnitFactory.swift in Sources */,
				910743552374A953005B2936 /* AudioUnitComponentLibrary.swift in Sources */,
				9100DEFB236B6E57005A3622 /* TogglePlaybackAction.swift in Sources */,
				12240D0623774F5E004CEA22 /* XyControlAction.swift in Sources */,
				9100DF02236B7586005A3622 /* Reducer.swift in Sources */,
				12240D042376B92E004CEA22 /* AudioPlayerPlaybackStatusAction.swift in Sources */,
				1243453A2263B8FC00B64561 /* Redux.swift in Sources */,
				9100DF00236B6EF6005A3622 /* TransportReducer.swift in Sources */,
				91FF565022749DE1007C0A82 /* RUAudioEngine.swift in Sources */,
				9100DEF8236B6DEA005A3622 /* Store.swift in Sources */,
				9100DEFD236B6E88005A3622 /* State.swift in Sources */,
			);
			runOnlyForDeploymentPostprocessing = 0;
		};
		916A5F3920D6A29400B30E8B /* Sources */ = {
			isa = PBXSourcesBuildPhase;
			buildActionMask = 2147483647;
			files = (
				916A5F4520D6A29400B30E8B /* RuinCoreTests.swift in Sources */,
			);
			runOnlyForDeploymentPostprocessing = 0;
		};
/* End PBXSourcesBuildPhase section */

/* Begin PBXTargetDependency section */
		1279DCAF2263AD7100723BFB /* PBXTargetDependency */ = {
			isa = PBXTargetDependency;
			target = 916A5F3420D6A29400B30E8B /* RuinCore */;
			targetProxy = 1279DCAE2263AD7100723BFB /* PBXContainerItemProxy */;
		};
		91470975225A78AF006B4632 /* PBXTargetDependency */ = {
			isa = PBXTargetDependency;
			target = 9147095C225A78AE006B4632 /* Ruin */;
			targetProxy = 91470974225A78AF006B4632 /* PBXContainerItemProxy */;
		};
		916A5F4020D6A29400B30E8B /* PBXTargetDependency */ = {
			isa = PBXTargetDependency;
			target = 916A5F3420D6A29400B30E8B /* RuinCore */;
			targetProxy = 916A5F3F20D6A29400B30E8B /* PBXContainerItemProxy */;
		};
/* End PBXTargetDependency section */

/* Begin PBXVariantGroup section */
		91470963225A78AE006B4632 /* Main.storyboard */ = {
			isa = PBXVariantGroup;
			children = (
				91470964225A78AE006B4632 /* Base */,
			);
			name = Main.storyboard;
			sourceTree = "<group>";
		};
		9147096B225A78AF006B4632 /* LaunchScreen.storyboard */ = {
			isa = PBXVariantGroup;
			children = (
				9147096C225A78AF006B4632 /* Base */,
			);
			name = LaunchScreen.storyboard;
			sourceTree = "<group>";
		};
/* End PBXVariantGroup section */

/* Begin XCBuildConfiguration section */
		9147097B225A78AF006B4632 /* Debug */ = {
			isa = XCBuildConfiguration;
			buildSettings = {
				ALWAYS_EMBED_SWIFT_STANDARD_LIBRARIES = YES;
				ASSETCATALOG_COMPILER_APPICON_NAME = AppIcon;
				CLANG_ENABLE_OBJC_WEAK = YES;
				CLANG_WARN_DEPRECATED_OBJC_IMPLEMENTATIONS = YES;
				CLANG_WARN_OBJC_IMPLICIT_RETAIN_SELF = YES;
				CODE_SIGN_STYLE = Automatic;
				DEVELOPMENT_TEAM = APB6HJW5WB;
				INFOPLIST_FILE = Ruin/Info.plist;
				IPHONEOS_DEPLOYMENT_TARGET = 12.2;
				LD_RUNPATH_SEARCH_PATHS = "$(inherited) @executable_path/Frameworks";
				MTL_ENABLE_DEBUG_INFO = INCLUDE_SOURCE;
				MTL_FAST_MATH = YES;
				PRODUCT_BUNDLE_IDENTIFIER = com.hyperbarn.Ruin;
				PRODUCT_NAME = "$(TARGET_NAME)";
				SWIFT_VERSION = 5.0;
				TARGETED_DEVICE_FAMILY = "1,2";
			};
			name = Debug;
		};
		9147097C225A78AF006B4632 /* Release */ = {
			isa = XCBuildConfiguration;
			buildSettings = {
				ALWAYS_EMBED_SWIFT_STANDARD_LIBRARIES = YES;
				ASSETCATALOG_COMPILER_APPICON_NAME = AppIcon;
				CLANG_ENABLE_OBJC_WEAK = YES;
				CLANG_WARN_DEPRECATED_OBJC_IMPLEMENTATIONS = YES;
				CLANG_WARN_OBJC_IMPLICIT_RETAIN_SELF = YES;
				CODE_SIGN_STYLE = Automatic;
				DEVELOPMENT_TEAM = APB6HJW5WB;
				INFOPLIST_FILE = Ruin/Info.plist;
				IPHONEOS_DEPLOYMENT_TARGET = 12.2;
				LD_RUNPATH_SEARCH_PATHS = "$(inherited) @executable_path/Frameworks";
				MTL_FAST_MATH = YES;
				PRODUCT_BUNDLE_IDENTIFIER = com.hyperbarn.Ruin;
				PRODUCT_NAME = "$(TARGET_NAME)";
				SWIFT_VERSION = 5.0;
				TARGETED_DEVICE_FAMILY = "1,2";
			};
			name = Release;
		};
		9147097E225A78AF006B4632 /* Debug */ = {
			isa = XCBuildConfiguration;
			buildSettings = {
				ALWAYS_EMBED_SWIFT_STANDARD_LIBRARIES = YES;
				BUNDLE_LOADER = "$(TEST_HOST)";
				CLANG_ENABLE_OBJC_WEAK = YES;
				CLANG_WARN_DEPRECATED_OBJC_IMPLEMENTATIONS = YES;
				CLANG_WARN_OBJC_IMPLICIT_RETAIN_SELF = YES;
				CODE_SIGN_STYLE = Automatic;
				DEVELOPMENT_TEAM = APB6HJW5WB;
				INFOPLIST_FILE = RuinTests/Info.plist;
				IPHONEOS_DEPLOYMENT_TARGET = 12.1;
				LD_RUNPATH_SEARCH_PATHS = "$(inherited) @executable_path/Frameworks @loader_path/Frameworks";
				MTL_ENABLE_DEBUG_INFO = INCLUDE_SOURCE;
				MTL_FAST_MATH = YES;
				PRODUCT_BUNDLE_IDENTIFIER = com.hyperbarn.RuinTests;
				PRODUCT_NAME = "$(TARGET_NAME)";
				SWIFT_VERSION = 5.0;
				TARGETED_DEVICE_FAMILY = "1,2";
				TEST_HOST = "$(BUILT_PRODUCTS_DIR)/Ruin.app/Ruin";
			};
			name = Debug;
		};
		9147097F225A78AF006B4632 /* Release */ = {
			isa = XCBuildConfiguration;
			buildSettings = {
				ALWAYS_EMBED_SWIFT_STANDARD_LIBRARIES = YES;
				BUNDLE_LOADER = "$(TEST_HOST)";
				CLANG_ENABLE_OBJC_WEAK = YES;
				CLANG_WARN_DEPRECATED_OBJC_IMPLEMENTATIONS = YES;
				CLANG_WARN_OBJC_IMPLICIT_RETAIN_SELF = YES;
				CODE_SIGN_STYLE = Automatic;
				DEVELOPMENT_TEAM = APB6HJW5WB;
				INFOPLIST_FILE = RuinTests/Info.plist;
				IPHONEOS_DEPLOYMENT_TARGET = 12.1;
				LD_RUNPATH_SEARCH_PATHS = "$(inherited) @executable_path/Frameworks @loader_path/Frameworks";
				MTL_FAST_MATH = YES;
				PRODUCT_BUNDLE_IDENTIFIER = com.hyperbarn.RuinTests;
				PRODUCT_NAME = "$(TARGET_NAME)";
				SWIFT_VERSION = 5.0;
				TARGETED_DEVICE_FAMILY = "1,2";
				TEST_HOST = "$(BUILT_PRODUCTS_DIR)/Ruin.app/Ruin";
			};
			name = Release;
		};
		916832C620D58E26006E775F /* Debug */ = {
			isa = XCBuildConfiguration;
			buildSettings = {
				ALWAYS_SEARCH_USER_PATHS = NO;
				CLANG_ANALYZER_NONNULL = YES;
				CLANG_ANALYZER_NUMBER_OBJECT_CONVERSION = YES_AGGRESSIVE;
				CLANG_CXX_LANGUAGE_STANDARD = "gnu++14";
				CLANG_CXX_LIBRARY = "libc++";
				CLANG_ENABLE_MODULES = YES;
				CLANG_ENABLE_OBJC_ARC = YES;
				CLANG_WARN_BLOCK_CAPTURE_AUTORELEASING = YES;
				CLANG_WARN_BOOL_CONVERSION = YES;
				CLANG_WARN_COMMA = YES;
				CLANG_WARN_CONSTANT_CONVERSION = YES;
				CLANG_WARN_DEPRECATED_OBJC_IMPLEMENTATIONS = YES;
				CLANG_WARN_DIRECT_OBJC_ISA_USAGE = YES_ERROR;
				CLANG_WARN_DOCUMENTATION_COMMENTS = YES;
				CLANG_WARN_EMPTY_BODY = YES;
				CLANG_WARN_ENUM_CONVERSION = YES;
				CLANG_WARN_INFINITE_RECURSION = YES;
				CLANG_WARN_INT_CONVERSION = YES;
				CLANG_WARN_NON_LITERAL_NULL_CONVERSION = YES;
				CLANG_WARN_OBJC_IMPLICIT_RETAIN_SELF = YES;
				CLANG_WARN_OBJC_LITERAL_CONVERSION = YES;
				CLANG_WARN_OBJC_ROOT_CLASS = YES_ERROR;
				CLANG_WARN_RANGE_LOOP_ANALYSIS = YES;
				CLANG_WARN_STRICT_PROTOTYPES = YES;
				CLANG_WARN_SUSPICIOUS_MOVE = YES;
				CLANG_WARN_UNGUARDED_AVAILABILITY = YES_AGGRESSIVE;
				CLANG_WARN_UNREACHABLE_CODE = YES;
				CLANG_WARN__DUPLICATE_METHOD_MATCH = YES;
				CODE_SIGN_IDENTITY = "iPhone Developer";
				COPY_PHASE_STRIP = NO;
				DEBUG_INFORMATION_FORMAT = dwarf;
				ENABLE_STRICT_OBJC_MSGSEND = YES;
				ENABLE_TESTABILITY = YES;
				GCC_C_LANGUAGE_STANDARD = gnu11;
				GCC_DYNAMIC_NO_PIC = NO;
				GCC_NO_COMMON_BLOCKS = YES;
				GCC_OPTIMIZATION_LEVEL = 0;
				GCC_PREPROCESSOR_DEFINITIONS = (
					"DEBUG=1",
					"$(inherited)",
				);
				GCC_WARN_64_TO_32_BIT_CONVERSION = YES;
				GCC_WARN_ABOUT_RETURN_TYPE = YES_ERROR;
				GCC_WARN_UNDECLARED_SELECTOR = YES;
				GCC_WARN_UNINITIALIZED_AUTOS = YES_AGGRESSIVE;
				GCC_WARN_UNUSED_FUNCTION = YES;
				GCC_WARN_UNUSED_VARIABLE = YES;
				IPHONEOS_DEPLOYMENT_TARGET = 11.1;
				MTL_ENABLE_DEBUG_INFO = YES;
				ONLY_ACTIVE_ARCH = YES;
				SDKROOT = iphoneos;
				SWIFT_ACTIVE_COMPILATION_CONDITIONS = DEBUG;
				SWIFT_OPTIMIZATION_LEVEL = "-Onone";
				SWIFT_VERSION = "";
			};
			name = Debug;
		};
		916832C720D58E26006E775F /* Release */ = {
			isa = XCBuildConfiguration;
			buildSettings = {
				ALWAYS_SEARCH_USER_PATHS = NO;
				CLANG_ANALYZER_NONNULL = YES;
				CLANG_ANALYZER_NUMBER_OBJECT_CONVERSION = YES_AGGRESSIVE;
				CLANG_CXX_LANGUAGE_STANDARD = "gnu++14";
				CLANG_CXX_LIBRARY = "libc++";
				CLANG_ENABLE_MODULES = YES;
				CLANG_ENABLE_OBJC_ARC = YES;
				CLANG_WARN_BLOCK_CAPTURE_AUTORELEASING = YES;
				CLANG_WARN_BOOL_CONVERSION = YES;
				CLANG_WARN_COMMA = YES;
				CLANG_WARN_CONSTANT_CONVERSION = YES;
				CLANG_WARN_DEPRECATED_OBJC_IMPLEMENTATIONS = YES;
				CLANG_WARN_DIRECT_OBJC_ISA_USAGE = YES_ERROR;
				CLANG_WARN_DOCUMENTATION_COMMENTS = YES;
				CLANG_WARN_EMPTY_BODY = YES;
				CLANG_WARN_ENUM_CONVERSION = YES;
				CLANG_WARN_INFINITE_RECURSION = YES;
				CLANG_WARN_INT_CONVERSION = YES;
				CLANG_WARN_NON_LITERAL_NULL_CONVERSION = YES;
				CLANG_WARN_OBJC_IMPLICIT_RETAIN_SELF = YES;
				CLANG_WARN_OBJC_LITERAL_CONVERSION = YES;
				CLANG_WARN_OBJC_ROOT_CLASS = YES_ERROR;
				CLANG_WARN_RANGE_LOOP_ANALYSIS = YES;
				CLANG_WARN_STRICT_PROTOTYPES = YES;
				CLANG_WARN_SUSPICIOUS_MOVE = YES;
				CLANG_WARN_UNGUARDED_AVAILABILITY = YES_AGGRESSIVE;
				CLANG_WARN_UNREACHABLE_CODE = YES;
				CLANG_WARN__DUPLICATE_METHOD_MATCH = YES;
				CODE_SIGN_IDENTITY = "iPhone Developer";
				COPY_PHASE_STRIP = NO;
				DEBUG_INFORMATION_FORMAT = "dwarf-with-dsym";
				ENABLE_NS_ASSERTIONS = NO;
				ENABLE_STRICT_OBJC_MSGSEND = YES;
				GCC_C_LANGUAGE_STANDARD = gnu11;
				GCC_NO_COMMON_BLOCKS = YES;
				GCC_WARN_64_TO_32_BIT_CONVERSION = YES;
				GCC_WARN_ABOUT_RETURN_TYPE = YES_ERROR;
				GCC_WARN_UNDECLARED_SELECTOR = YES;
				GCC_WARN_UNINITIALIZED_AUTOS = YES_AGGRESSIVE;
				GCC_WARN_UNUSED_FUNCTION = YES;
				GCC_WARN_UNUSED_VARIABLE = YES;
				IPHONEOS_DEPLOYMENT_TARGET = 11.1;
				MTL_ENABLE_DEBUG_INFO = NO;
				SDKROOT = iphoneos;
				SWIFT_OPTIMIZATION_LEVEL = "-Owholemodule";
				SWIFT_VERSION = "";
				VALIDATE_PRODUCT = YES;
			};
			name = Release;
		};
		916A5F4C20D6A29500B30E8B /* Debug */ = {
			isa = XCBuildConfiguration;
			buildSettings = {
				CLANG_ENABLE_MODULES = YES;
				CLANG_ENABLE_OBJC_WEAK = YES;
				CLANG_WARN_DEPRECATED_OBJC_IMPLEMENTATIONS = YES;
				CLANG_WARN_OBJC_IMPLICIT_RETAIN_SELF = YES;
				CODE_SIGN_IDENTITY = "";
				CODE_SIGN_STYLE = Automatic;
				CURRENT_PROJECT_VERSION = 1;
				DEFINES_MODULE = YES;
				DEVELOPMENT_TEAM = APB6HJW5WB;
				DYLIB_COMPATIBILITY_VERSION = 1;
				DYLIB_CURRENT_VERSION = 1;
				DYLIB_INSTALL_NAME_BASE = "@rpath";
				INFOPLIST_FILE = RuinCore/Info.plist;
				INSTALL_PATH = "$(LOCAL_LIBRARY_DIR)/Frameworks";
				IPHONEOS_DEPLOYMENT_TARGET = 12.2;
				LD_RUNPATH_SEARCH_PATHS = "$(inherited) @executable_path/Frameworks @loader_path/Frameworks";
				OTHER_LDFLAGS = "-lstdc++";
				PRODUCT_BUNDLE_IDENTIFIER = com.hyperbarn.RuinCore;
				PRODUCT_NAME = "$(TARGET_NAME:c99extidentifier)";
				SKIP_INSTALL = YES;
				SWIFT_OPTIMIZATION_LEVEL = "-Onone";
				SWIFT_VERSION = 4.0;
				TARGETED_DEVICE_FAMILY = "1,2";
				VERSIONING_SYSTEM = "apple-generic";
				VERSION_INFO_PREFIX = "";
			};
			name = Debug;
		};
		916A5F4D20D6A29500B30E8B /* Release */ = {
			isa = XCBuildConfiguration;
			buildSettings = {
				CLANG_ENABLE_MODULES = YES;
				CLANG_ENABLE_OBJC_WEAK = YES;
				CLANG_WARN_DEPRECATED_OBJC_IMPLEMENTATIONS = YES;
				CLANG_WARN_OBJC_IMPLICIT_RETAIN_SELF = YES;
				CODE_SIGN_IDENTITY = "";
				CODE_SIGN_STYLE = Automatic;
				CURRENT_PROJECT_VERSION = 1;
				DEFINES_MODULE = YES;
				DEVELOPMENT_TEAM = APB6HJW5WB;
				DYLIB_COMPATIBILITY_VERSION = 1;
				DYLIB_CURRENT_VERSION = 1;
				DYLIB_INSTALL_NAME_BASE = "@rpath";
				INFOPLIST_FILE = RuinCore/Info.plist;
				INSTALL_PATH = "$(LOCAL_LIBRARY_DIR)/Frameworks";
				IPHONEOS_DEPLOYMENT_TARGET = 12.2;
				LD_RUNPATH_SEARCH_PATHS = "$(inherited) @executable_path/Frameworks @loader_path/Frameworks";
				OTHER_LDFLAGS = "-lstdc++";
				PRODUCT_BUNDLE_IDENTIFIER = com.hyperbarn.RuinCore;
				PRODUCT_NAME = "$(TARGET_NAME:c99extidentifier)";
				SKIP_INSTALL = YES;
				SWIFT_VERSION = 4.0;
				TARGETED_DEVICE_FAMILY = "1,2";
				VERSIONING_SYSTEM = "apple-generic";
				VERSION_INFO_PREFIX = "";
			};
			name = Release;
		};
		916A5F4E20D6A29500B30E8B /* Debug */ = {
			isa = XCBuildConfiguration;
			buildSettings = {
				ALWAYS_EMBED_SWIFT_STANDARD_LIBRARIES = YES;
				CLANG_ENABLE_OBJC_WEAK = YES;
				CLANG_WARN_DEPRECATED_OBJC_IMPLEMENTATIONS = YES;
				CLANG_WARN_OBJC_IMPLICIT_RETAIN_SELF = YES;
				CODE_SIGN_STYLE = Automatic;
				DEVELOPMENT_TEAM = APB6HJW5WB;
				INFOPLIST_FILE = RuinCoreTests/Info.plist;
				IPHONEOS_DEPLOYMENT_TARGET = 11.4;
				LD_RUNPATH_SEARCH_PATHS = "$(inherited) @executable_path/Frameworks @loader_path/Frameworks";
				PRODUCT_BUNDLE_IDENTIFIER = com.hyperbarn.RuinCoreTests;
				PRODUCT_NAME = "$(TARGET_NAME)";
				SWIFT_VERSION = 5.0;
				TARGETED_DEVICE_FAMILY = "1,2";
				TEST_HOST = "$(BUILT_PRODUCTS_DIR)/Ruin.app/Ruin";
			};
			name = Debug;
		};
		916A5F4F20D6A29500B30E8B /* Release */ = {
			isa = XCBuildConfiguration;
			buildSettings = {
				ALWAYS_EMBED_SWIFT_STANDARD_LIBRARIES = YES;
				CLANG_ENABLE_OBJC_WEAK = YES;
				CLANG_WARN_DEPRECATED_OBJC_IMPLEMENTATIONS = YES;
				CLANG_WARN_OBJC_IMPLICIT_RETAIN_SELF = YES;
				CODE_SIGN_STYLE = Automatic;
				DEVELOPMENT_TEAM = APB6HJW5WB;
				INFOPLIST_FILE = RuinCoreTests/Info.plist;
				IPHONEOS_DEPLOYMENT_TARGET = 11.4;
				LD_RUNPATH_SEARCH_PATHS = "$(inherited) @executable_path/Frameworks @loader_path/Frameworks";
				PRODUCT_BUNDLE_IDENTIFIER = com.hyperbarn.RuinCoreTests;
				PRODUCT_NAME = "$(TARGET_NAME)";
				SWIFT_VERSION = 5.0;
				TARGETED_DEVICE_FAMILY = "1,2";
				TEST_HOST = "$(BUILT_PRODUCTS_DIR)/Ruin.app/Ruin";
			};
			name = Release;
		};
/* End XCBuildConfiguration section */

/* Begin XCConfigurationList section */
		9147097A225A78AF006B4632 /* Build configuration list for PBXNativeTarget "Ruin" */ = {
			isa = XCConfigurationList;
			buildConfigurations = (
				9147097B225A78AF006B4632 /* Debug */,
				9147097C225A78AF006B4632 /* Release */,
			);
			defaultConfigurationIsVisible = 0;
			defaultConfigurationName = Release;
		};
		9147097D225A78AF006B4632 /* Build configuration list for PBXNativeTarget "RuinTests" */ = {
			isa = XCConfigurationList;
			buildConfigurations = (
				9147097E225A78AF006B4632 /* Debug */,
				9147097F225A78AF006B4632 /* Release */,
			);
			defaultConfigurationIsVisible = 0;
			defaultConfigurationName = Release;
		};
		916832A620D58E25006E775F /* Build configuration list for PBXProject "Ruin" */ = {
			isa = XCConfigurationList;
			buildConfigurations = (
				916832C620D58E26006E775F /* Debug */,
				916832C720D58E26006E775F /* Release */,
			);
			defaultConfigurationIsVisible = 0;
			defaultConfigurationName = Release;
		};
		916A5F5020D6A29500B30E8B /* Build configuration list for PBXNativeTarget "RuinCore" */ = {
			isa = XCConfigurationList;
			buildConfigurations = (
				916A5F4C20D6A29500B30E8B /* Debug */,
				916A5F4D20D6A29500B30E8B /* Release */,
			);
			defaultConfigurationIsVisible = 0;
			defaultConfigurationName = Release;
		};
		916A5F5220D6A29500B30E8B /* Build configuration list for PBXNativeTarget "RuinCoreTests" */ = {
			isa = XCConfigurationList;
			buildConfigurations = (
				916A5F4E20D6A29500B30E8B /* Debug */,
				916A5F4F20D6A29500B30E8B /* Release */,
			);
			defaultConfigurationIsVisible = 0;
			defaultConfigurationName = Release;
		};
/* End XCConfigurationList section */

/* Begin XCVersionGroup section */
		91470966225A78AE006B4632 /* Ruin.xcdatamodeld */ = {
			isa = XCVersionGroup;
			children = (
				91470967225A78AE006B4632 /* Ruin.xcdatamodel */,
			);
			currentVersion = 91470967225A78AE006B4632 /* Ruin.xcdatamodel */;
			path = Ruin.xcdatamodeld;
			sourceTree = "<group>";
			versionGroupType = wrapper.xcdatamodel;
		};
/* End XCVersionGroup section */
	};
	rootObject = 916832A320D58E25006E775F /* Project object */;
}
